
Microsoft Visual Studio Solution File, Format Version 12.00
# Visual Studio 15
VisualStudioVersion = 15.0.27004.2006
MinimumVisualStudioVersion = 10.0.40219.1
Project("{FAE04EC0-301F-11D3-BF4B-00C04F79EFBC}") = "BillsPaymentSystem.App", "BillsPaymentSystem.App\BillsPaymentSystem.App.csproj", "{FD121E04-1D7B-4F88-A566-8248CC0DFCBE}"
EndProject
Project("{FAE04EC0-301F-11D3-BF4B-00C04F79EFBC}") = "BillsPaymentSystem.Data", "BillsPaymentSystem.Data\BillsPaymentSystem.Data.csproj", "{1EC69611-90C4-40C7-8AB2-73AA97D73C8A}"
EndProject
Project("{FAE04EC0-301F-11D3-BF4B-00C04F79EFBC}") = "BillsPaymentSystem.Models", "BillsPaymentSystem.Models\BillsPaymentSystem.Models.csproj", "{C0DFA133-D175-4043-A55C-935AB0889D1E}"
EndProject
Global
	GlobalSection(SolutionConfigurationPlatforms) = preSolution
		Debug|Any CPU = Debug|Any CPU
		Release|Any CPU = Release|Any CPU
	EndGlobalSection
	GlobalSection(ProjectConfigurationPlatforms) = postSolution
		{FD121E04-1D7B-4F88-A566-8248CC0DFCBE}.Debug|Any CPU.ActiveCfg = Debug|Any CPU
		{FD121E04-1D7B-4F88-A566-8248CC0DFCBE}.Debug|Any CPU.Build.0 = Debug|Any CPU
		{FD121E04-1D7B-4F88-A566-8248CC0DFCBE}.Release|Any CPU.ActiveCfg = Release|Any CPU
		{FD121E04-1D7B-4F88-A566-8248CC0DFCBE}.Release|Any CPU.Build.0 = Release|Any CPU
		{1EC69611-90C4-40C7-8AB2-73AA97D73C8A}.Debug|Any CPU.ActiveCfg = Debug|Any CPU
		{1EC69611-90C4-40C7-8AB2-73AA97D73C8A}.Debug|Any CPU.Build.0 = Debug|Any CPU
		{1EC69611-90C4-40C7-8AB2-73AA97D73C8A}.Release|Any CPU.ActiveCfg = Release|Any CPU
		{1EC69611-90C4-40C7-8AB2-73AA97D73C8A}.Release|Any CPU.Build.0 = Release|Any CPU
		{C0DFA133-D175-4043-A55C-935AB0889D1E}.Debug|Any CPU.ActiveCfg = Debug|Any CPU
		{C0DFA133-D175-4043-A55C-935AB0889D1E}.Debug|Any CPU.Build.0 = Debug|Any CPU
		{C0DFA133-D175-4043-A55C-935AB0889D1E}.Release|Any CPU.ActiveCfg = Release|Any CPU
		{C0DFA133-D175-4043-A55C-935AB0889D1E}.Release|Any CPU.Build.0 = Release|Any CPU
	EndGlobalSection
	GlobalSection(SolutionProperties) = preSolution
		HideSolutionNode = FALSE
	EndGlobalSection
	GlobalSection(ExtensibilityGlobals) = postSolution
		SolutionGuid = {7E775A11-1E3C-45A7-A3FB-DEEC88F230BE}
	EndGlobalSection
EndGlobal
