
Microsoft Visual Studio Solution File, Format Version 12.00
# Visual Studio 15
VisualStudioVersion = 15.0.27004.2006
MinimumVisualStudioVersion = 10.0.40219.1
Project("{9A19103F-16F7-4668-BE54-9A1E7A4F7556}") = "Hospital", "Hospital\Hospital.csproj", "{88C9FA80-4B19-453B-A8A9-7AC645E1F57D}"
EndProject
Project("{FAE04EC0-301F-11D3-BF4B-00C04F79EFBC}") = "P03_SalesDatabase", "P03_SalesDatabase\P03_SalesDatabase.csproj", "{B264B2EA-7A9B-4A73-926F-43A7CB28996A}"
EndProject
Global
	GlobalSection(SolutionConfigurationPlatforms) = preSolution
		Debug|Any CPU = Debug|Any CPU
		Release|Any CPU = Release|Any CPU
	EndGlobalSection
	GlobalSection(ProjectConfigurationPlatforms) = postSolution
		{88C9FA80-4B19-453B-A8A9-7AC645E1F57D}.Debug|Any CPU.ActiveCfg = Debug|Any CPU
		{88C9FA80-4B19-453B-A8A9-7AC645E1F57D}.Debug|Any CPU.Build.0 = Debug|Any CPU
		{88C9FA80-4B19-453B-A8A9-7AC645E1F57D}.Release|Any CPU.ActiveCfg = Release|Any CPU
		{88C9FA80-4B19-453B-A8A9-7AC645E1F57D}.Release|Any CPU.Build.0 = Release|Any CPU
		{B264B2EA-7A9B-4A73-926F-43A7CB28996A}.Debug|Any CPU.ActiveCfg = Debug|Any CPU
		{B264B2EA-7A9B-4A73-926F-43A7CB28996A}.Debug|Any CPU.Build.0 = Debug|Any CPU
		{B264B2EA-7A9B-4A73-926F-43A7CB28996A}.Release|Any CPU.ActiveCfg = Release|Any CPU
		{B264B2EA-7A9B-4A73-926F-43A7CB28996A}.Release|Any CPU.Build.0 = Release|Any CPU
	EndGlobalSection
	GlobalSection(SolutionProperties) = preSolution
		HideSolutionNode = FALSE
	EndGlobalSection
	GlobalSection(ExtensibilityGlobals) = postSolution
		SolutionGuid = {36C5C05C-97E6-40DB-9958-0495B26A4CAA}
	EndGlobalSection
EndGlobal
